
Microsoft Visual Studio Solution File, Format Version 12.00
# Visual Studio Version 17
VisualStudioVersion = 17.0.31903.59
MinimumVisualStudioVersion = 10.0.40219.1
Project("{FAE04EC0-301F-11D3-BF4B-00C04F79EFBC}") = "EmainesUrlShorter.API", "EmainesUrlShorter.API\EmainesUrlShorter.API.csproj", "{86588198-6AF2-4468-805F-DB9A75F2FF89}"
EndProject
Project("{FAE04EC0-301F-11D3-BF4B-00C04F79EFBC}") = "EmainesUrlShorter.Domain", "EmainesUrlShorter.Domain\EmainesUrlShorter.Domain.csproj", "{E2DF4802-BEDF-4DC6-A615-20FFC625821A}"
EndProject
Project("{FAE04EC0-301F-11D3-BF4B-00C04F79EFBC}") = "EmainesUrlShorter.Infrastructure", "EmainesUrlShorter.Infrastructure\EmainesUrlShorter.Infrastructure.csproj", "{05D0D847-AAB2-4C7A-B0A7-57319D645E1A}"
EndProject
Project("{FAE04EC0-301F-11D3-BF4B-00C04F79EFBC}") = "EmainesUrlShorter.Application", "EmainesUrlShorter.Application\EmainesUrlShorter.Application.csproj", "{9F655AFF-043F-49DB-9B0D-AEC8D7C8D069}"
EndProject
Global
	GlobalSection(SolutionConfigurationPlatforms) = preSolution
		Debug|Any CPU = Debug|Any CPU
		Debug|x64 = Debug|x64
		Debug|x86 = Debug|x86
		Release|Any CPU = Release|Any CPU
		Release|x64 = Release|x64
		Release|x86 = Release|x86
	EndGlobalSection
	GlobalSection(ProjectConfigurationPlatforms) = postSolution
		{86588198-6AF2-4468-805F-DB9A75F2FF89}.Debug|Any CPU.ActiveCfg = Debug|Any CPU
		{86588198-6AF2-4468-805F-DB9A75F2FF89}.Debug|Any CPU.Build.0 = Debug|Any CPU
		{86588198-6AF2-4468-805F-DB9A75F2FF89}.Debug|x64.ActiveCfg = Debug|Any CPU
		{86588198-6AF2-4468-805F-DB9A75F2FF89}.Debug|x64.Build.0 = Debug|Any CPU
		{86588198-6AF2-4468-805F-DB9A75F2FF89}.Debug|x86.ActiveCfg = Debug|Any CPU
		{86588198-6AF2-4468-805F-DB9A75F2FF89}.Debug|x86.Build.0 = Debug|Any CPU
		{86588198-6AF2-4468-805F-DB9A75F2FF89}.Release|Any CPU.ActiveCfg = Release|Any CPU
		{86588198-6AF2-4468-805F-DB9A75F2FF89}.Release|Any CPU.Build.0 = Release|Any CPU
		{86588198-6AF2-4468-805F-DB9A75F2FF89}.Release|x64.ActiveCfg = Release|Any CPU
		{86588198-6AF2-4468-805F-DB9A75F2FF89}.Release|x64.Build.0 = Release|Any CPU
		{86588198-6AF2-4468-805F-DB9A75F2FF89}.Release|x86.ActiveCfg = Release|Any CPU
		{86588198-6AF2-4468-805F-DB9A75F2FF89}.Release|x86.Build.0 = Release|Any CPU
		{E2DF4802-BEDF-4DC6-A615-20FFC625821A}.Debug|Any CPU.ActiveCfg = Debug|Any CPU
		{E2DF4802-BEDF-4DC6-A615-20FFC625821A}.Debug|Any CPU.Build.0 = Debug|Any CPU
		{E2DF4802-BEDF-4DC6-A615-20FFC625821A}.Debug|x64.ActiveCfg = Debug|Any CPU
		{E2DF4802-BEDF-4DC6-A615-20FFC625821A}.Debug|x64.Build.0 = Debug|Any CPU
		{E2DF4802-BEDF-4DC6-A615-20FFC625821A}.Debug|x86.ActiveCfg = Debug|Any CPU
		{E2DF4802-BEDF-4DC6-A615-20FFC625821A}.Debug|x86.Build.0 = Debug|Any CPU
		{E2DF4802-BEDF-4DC6-A615-20FFC625821A}.Release|Any CPU.ActiveCfg = Release|Any CPU
		{E2DF4802-BEDF-4DC6-A615-20FFC625821A}.Release|Any CPU.Build.0 = Release|Any CPU
		{E2DF4802-BEDF-4DC6-A615-20FFC625821A}.Release|x64.ActiveCfg = Release|Any CPU
		{E2DF4802-BEDF-4DC6-A615-20FFC625821A}.Release|x64.Build.0 = Release|Any CPU
		{E2DF4802-BEDF-4DC6-A615-20FFC625821A}.Release|x86.ActiveCfg = Release|Any CPU
		{E2DF4802-BEDF-4DC6-A615-20FFC625821A}.Release|x86.Build.0 = Release|Any CPU
		{05D0D847-AAB2-4C7A-B0A7-57319D645E1A}.Debug|Any CPU.ActiveCfg = Debug|Any CPU
		{05D0D847-AAB2-4C7A-B0A7-57319D645E1A}.Debug|Any CPU.Build.0 = Debug|Any CPU
		{05D0D847-AAB2-4C7A-B0A7-57319D645E1A}.Debug|x64.ActiveCfg = Debug|Any CPU
		{05D0D847-AAB2-4C7A-B0A7-57319D645E1A}.Debug|x64.Build.0 = Debug|Any CPU
		{05D0D847-AAB2-4C7A-B0A7-57319D645E1A}.Debug|x86.ActiveCfg = Debug|Any CPU
		{05D0D847-AAB2-4C7A-B0A7-57319D645E1A}.Debug|x86.Build.0 = Debug|Any CPU
		{05D0D847-AAB2-4C7A-B0A7-57319D645E1A}.Release|Any CPU.ActiveCfg = Release|Any CPU
		{05D0D847-AAB2-4C7A-B0A7-57319D645E1A}.Release|Any CPU.Build.0 = Release|Any CPU
		{05D0D847-AAB2-4C7A-B0A7-57319D645E1A}.Release|x64.ActiveCfg = Release|Any CPU
		{05D0D847-AAB2-4C7A-B0A7-57319D645E1A}.Release|x64.Build.0 = Release|Any CPU
		{05D0D847-AAB2-4C7A-B0A7-57319D645E1A}.Release|x86.ActiveCfg = Release|Any CPU
		{05D0D847-AAB2-4C7A-B0A7-57319D645E1A}.Release|x86.Build.0 = Release|Any CPU
		{9F655AFF-043F-49DB-9B0D-AEC8D7C8D069}.Debug|Any CPU.ActiveCfg = Debug|Any CPU
		{9F655AFF-043F-49DB-9B0D-AEC8D7C8D069}.Debug|Any CPU.Build.0 = Debug|Any CPU
		{9F655AFF-043F-49DB-9B0D-AEC8D7C8D069}.Debug|x64.ActiveCfg = Debug|Any CPU
		{9F655AFF-043F-49DB-9B0D-AEC8D7C8D069}.Debug|x64.Build.0 = Debug|Any CPU
		{9F655AFF-043F-49DB-9B0D-AEC8D7C8D069}.Debug|x86.ActiveCfg = Debug|Any CPU
		{9F655AFF-043F-49DB-9B0D-AEC8D7C8D069}.Debug|x86.Build.0 = Debug|Any CPU
		{9F655AFF-043F-49DB-9B0D-AEC8D7C8D069}.Release|Any CPU.ActiveCfg = Release|Any CPU
		{9F655AFF-043F-49DB-9B0D-AEC8D7C8D069}.Release|Any CPU.Build.0 = Release|Any CPU
		{9F655AFF-043F-49DB-9B0D-AEC8D7C8D069}.Release|x64.ActiveCfg = Release|Any CPU
		{9F655AFF-043F-49DB-9B0D-AEC8D7C8D069}.Release|x64.Build.0 = Release|Any CPU
		{9F655AFF-043F-49DB-9B0D-AEC8D7C8D069}.Release|x86.ActiveCfg = Release|Any CPU
		{9F655AFF-043F-49DB-9B0D-AEC8D7C8D069}.Release|x86.Build.0 = Release|Any CPU
	EndGlobalSection
	GlobalSection(SolutionProperties) = preSolution
		HideSolutionNode = FALSE
	EndGlobalSection
EndGlobal
